
Microsoft Visual Studio Solution File, Format Version 12.00
# Visual Studio Version 16
VisualStudioVersion = 16.0.31205.134
MinimumVisualStudioVersion = 10.0.40219.1
Project("{FAE04EC0-301F-11D3-BF4B-00C04F79EFBC}") = "CoffeShop.Android", "CoffeShop\CoffeShop.Android\CoffeShop.Android.csproj", "{874F2A85-E5B5-40E3-89ED-A7D1E100958A}"
EndProject
Project("{FAE04EC0-301F-11D3-BF4B-00C04F79EFBC}") = "CoffeShop.iOS", "CoffeShop\CoffeShop.iOS\CoffeShop.iOS.csproj", "{FCBFCA3E-639C-4DB9-8A4E-312DC1F14604}"
EndProject
Project("{FAE04EC0-301F-11D3-BF4B-00C04F79EFBC}") = "CoffeShop", "CoffeShop\CoffeShop\CoffeShop.csproj", "{BF8D3931-5BA8-4E2B-9E32-0FEAD06240ED}"
EndProject
Global
	GlobalSection(SolutionConfigurationPlatforms) = preSolution
		Debug|Any CPU = Debug|Any CPU
		Debug|iPhone = Debug|iPhone
		Debug|iPhoneSimulator = Debug|iPhoneSimulator
		Release|Any CPU = Release|Any CPU
		Release|iPhone = Release|iPhone
		Release|iPhoneSimulator = Release|iPhoneSimulator
	EndGlobalSection
	GlobalSection(ProjectConfigurationPlatforms) = postSolution
		{874F2A85-E5B5-40E3-89ED-A7D1E100958A}.Debug|Any CPU.ActiveCfg = Debug|Any CPU
		{874F2A85-E5B5-40E3-89ED-A7D1E100958A}.Debug|Any CPU.Build.0 = Debug|Any CPU
		{874F2A85-E5B5-40E3-89ED-A7D1E100958A}.Debug|Any CPU.Deploy.0 = Debug|Any CPU
		{874F2A85-E5B5-40E3-89ED-A7D1E100958A}.Debug|iPhone.ActiveCfg = Debug|Any CPU
		{874F2A85-E5B5-40E3-89ED-A7D1E100958A}.Debug|iPhone.Build.0 = Debug|Any CPU
		{874F2A85-E5B5-40E3-89ED-A7D1E100958A}.Debug|iPhone.Deploy.0 = Debug|Any CPU
		{874F2A85-E5B5-40E3-89ED-A7D1E100958A}.Debug|iPhoneSimulator.ActiveCfg = Debug|Any CPU
		{874F2A85-E5B5-40E3-89ED-A7D1E100958A}.Debug|iPhoneSimulator.Build.0 = Debug|Any CPU
		{874F2A85-E5B5-40E3-89ED-A7D1E100958A}.Debug|iPhoneSimulator.Deploy.0 = Debug|Any CPU
		{874F2A85-E5B5-40E3-89ED-A7D1E100958A}.Release|Any CPU.ActiveCfg = Release|Any CPU
		{874F2A85-E5B5-40E3-89ED-A7D1E100958A}.Release|Any CPU.Build.0 = Release|Any CPU
		{874F2A85-E5B5-40E3-89ED-A7D1E100958A}.Release|Any CPU.Deploy.0 = Release|Any CPU
		{874F2A85-E5B5-40E3-89ED-A7D1E100958A}.Release|iPhone.ActiveCfg = Release|Any CPU
		{874F2A85-E5B5-40E3-89ED-A7D1E100958A}.Release|iPhone.Build.0 = Release|Any CPU
		{874F2A85-E5B5-40E3-89ED-A7D1E100958A}.Release|iPhone.Deploy.0 = Release|Any CPU
		{874F2A85-E5B5-40E3-89ED-A7D1E100958A}.Release|iPhoneSimulator.ActiveCfg = Release|Any CPU
		{874F2A85-E5B5-40E3-89ED-A7D1E100958A}.Release|iPhoneSimulator.Build.0 = Release|Any CPU
		{874F2A85-E5B5-40E3-89ED-A7D1E100958A}.Release|iPhoneSimulator.Deploy.0 = Release|Any CPU
		{FCBFCA3E-639C-4DB9-8A4E-312DC1F14604}.Debug|Any CPU.ActiveCfg = Debug|iPhone
		{FCBFCA3E-639C-4DB9-8A4E-312DC1F14604}.Debug|Any CPU.Build.0 = Debug|iPhone
		{FCBFCA3E-639C-4DB9-8A4E-312DC1F14604}.Debug|Any CPU.Deploy.0 = Debug|iPhone
		{FCBFCA3E-639C-4DB9-8A4E-312DC1F14604}.Debug|iPhone.ActiveCfg = Debug|iPhone
		{FCBFCA3E-639C-4DB9-8A4E-312DC1F14604}.Debug|iPhone.Build.0 = Debug|iPhone
		{FCBFCA3E-639C-4DB9-8A4E-312DC1F14604}.Debug|iPhone.Deploy.0 = Debug|iPhone
		{FCBFCA3E-639C-4DB9-8A4E-312DC1F14604}.Debug|iPhoneSimulator.ActiveCfg = Debug|iPhoneSimulator
		{FCBFCA3E-639C-4DB9-8A4E-312DC1F14604}.Debug|iPhoneSimulator.Build.0 = Debug|iPhoneSimulator
		{FCBFCA3E-639C-4DB9-8A4E-312DC1F14604}.Debug|iPhoneSimulator.Deploy.0 = Debug|iPhoneSimulator
		{FCBFCA3E-639C-4DB9-8A4E-312DC1F14604}.Release|Any CPU.ActiveCfg = Release|iPhoneSimulator
		{FCBFCA3E-639C-4DB9-8A4E-312DC1F14604}.Release|Any CPU.Build.0 = Release|iPhoneSimulator
		{FCBFCA3E-639C-4DB9-8A4E-312DC1F14604}.Release|Any CPU.Deploy.0 = Release|iPhoneSimulator
		{FCBFCA3E-639C-4DB9-8A4E-312DC1F14604}.Release|iPhone.ActiveCfg = Release|iPhone
		{FCBFCA3E-639C-4DB9-8A4E-312DC1F14604}.Release|iPhone.Build.0 = Release|iPhone
		{FCBFCA3E-639C-4DB9-8A4E-312DC1F14604}.Release|iPhone.Deploy.0 = Release|iPhone
		{FCBFCA3E-639C-4DB9-8A4E-312DC1F14604}.Release|iPhoneSimulator.ActiveCfg = Release|iPhoneSimulator
		{FCBFCA3E-639C-4DB9-8A4E-312DC1F14604}.Release|iPhoneSimulator.Build.0 = Release|iPhoneSimulator
		{FCBFCA3E-639C-4DB9-8A4E-312DC1F14604}.Release|iPhoneSimulator.Deploy.0 = Release|iPhoneSimulator
		{BF8D3931-5BA8-4E2B-9E32-0FEAD06240ED}.Debug|Any CPU.ActiveCfg = Debug|Any CPU
		{BF8D3931-5BA8-4E2B-9E32-0FEAD06240ED}.Debug|Any CPU.Build.0 = Debug|Any CPU
		{BF8D3931-5BA8-4E2B-9E32-0FEAD06240ED}.Debug|Any CPU.Deploy.0 = Debug|Any CPU
		{BF8D3931-5BA8-4E2B-9E32-0FEAD06240ED}.Debug|iPhone.ActiveCfg = Debug|Any CPU
		{BF8D3931-5BA8-4E2B-9E32-0FEAD06240ED}.Debug|iPhone.Build.0 = Debug|Any CPU
		{BF8D3931-5BA8-4E2B-9E32-0FEAD06240ED}.Debug|iPhone.Deploy.0 = Debug|Any CPU
		{BF8D3931-5BA8-4E2B-9E32-0FEAD06240ED}.Debug|iPhoneSimulator.ActiveCfg = Debug|Any CPU
		{BF8D3931-5BA8-4E2B-9E32-0FEAD06240ED}.Debug|iPhoneSimulator.Build.0 = Debug|Any CPU
		{BF8D3931-5BA8-4E2B-9E32-0FEAD06240ED}.Debug|iPhoneSimulator.Deploy.0 = Debug|Any CPU
		{BF8D3931-5BA8-4E2B-9E32-0FEAD06240ED}.Release|Any CPU.ActiveCfg = Release|Any CPU
		{BF8D3931-5BA8-4E2B-9E32-0FEAD06240ED}.Release|Any CPU.Build.0 = Release|Any CPU
		{BF8D3931-5BA8-4E2B-9E32-0FEAD06240ED}.Release|Any CPU.Deploy.0 = Release|Any CPU
		{BF8D3931-5BA8-4E2B-9E32-0FEAD06240ED}.Release|iPhone.ActiveCfg = Release|Any CPU
		{BF8D3931-5BA8-4E2B-9E32-0FEAD06240ED}.Release|iPhone.Build.0 = Release|Any CPU
		{BF8D3931-5BA8-4E2B-9E32-0FEAD06240ED}.Release|iPhone.Deploy.0 = Release|Any CPU
		{BF8D3931-5BA8-4E2B-9E32-0FEAD06240ED}.Release|iPhoneSimulator.ActiveCfg = Release|Any CPU
		{BF8D3931-5BA8-4E2B-9E32-0FEAD06240ED}.Release|iPhoneSimulator.Build.0 = Release|Any CPU
		{BF8D3931-5BA8-4E2B-9E32-0FEAD06240ED}.Release|iPhoneSimulator.Deploy.0 = Release|Any CPU
	EndGlobalSection
	GlobalSection(SolutionProperties) = preSolution
		HideSolutionNode = FALSE
	EndGlobalSection
	GlobalSection(ExtensibilityGlobals) = postSolution
		SolutionGuid = {DD8DFB7E-7E4D-468B-A0E0-67C956D44EEA}
	EndGlobalSection
EndGlobal
